// !$*UTF8*$!
{
	archiveVersion = 1;
	classes = {
	};
	objectVersion = 55;
	objects = {

/* Begin PBXBuildFile section */
		C41C0B3F27B4B7E40087B81F /* GameManeger.swift in Sources */ = {isa = PBXBuildFile; fileRef = C41C0B3E27B4B7E40087B81F /* GameManeger.swift */; };
		C41C0B4227B4B8EB0087B81F /* StartScene.sks in Resources */ = {isa = PBXBuildFile; fileRef = C41C0B4127B4B8EB0087B81F /* StartScene.sks */; };
		C41C0B4427B4B8FB0087B81F /* EndScene.sks in Resources */ = {isa = PBXBuildFile; fileRef = C41C0B4327B4B8FB0087B81F /* EndScene.sks */; };
		C41C0B4627B4B90C0087B81F /* StartScene.swift in Sources */ = {isa = PBXBuildFile; fileRef = C41C0B4527B4B90C0087B81F /* StartScene.swift */; };
		C41C0B4827B4B9210087B81F /* EndScene.swift in Sources */ = {isa = PBXBuildFile; fileRef = C41C0B4727B4B9210087B81F /* EndScene.swift */; };
		C486154927AB79AE0057EEDB /* CollisionManager.swift in Sources */ = {isa = PBXBuildFile; fileRef = C486154827AB79AE0057EEDB /* CollisionManager.swift */; };
		C486159027AB8ADA0057EEDB /* bullet.png in Resources */ = {isa = PBXBuildFile; fileRef = C486155627AB8ADA0057EEDB /* bullet.png */; };
		C486159127AB8ADA0057EEDB /* plane3.png in Resources */ = {isa = PBXBuildFile; fileRef = C486155727AB8ADA0057EEDB /* plane3.png */; };
		C486159227AB8ADA0057EEDB /* plane2.png in Resources */ = {isa = PBXBuildFile; fileRef = C486155827AB8ADA0057EEDB /* plane2.png */; };
		C486159327AB8ADA0057EEDB /* plane1.png in Resources */ = {isa = PBXBuildFile; fileRef = C486155927AB8ADA0057EEDB /* plane1.png */; };
		C486159427AB8ADA0057EEDB /* backButton.png in Resources */ = {isa = PBXBuildFile; fileRef = C486155A27AB8ADA0057EEDB /* backButton.png */; };
		C486159527AB8ADA0057EEDB /* plane.png in Resources */ = {isa = PBXBuildFile; fileRef = C486155B27AB8ADA0057EEDB /* plane.png */; };
		C486159627AB8ADA0057EEDB /* island.png in Resources */ = {isa = PBXBuildFile; fileRef = C486155C27AB8ADA0057EEDB /* island.png */; };
		C486159727AB8ADA0057EEDB /* planeflash2.png in Resources */ = {isa = PBXBuildFile; fileRef = C486155D27AB8ADA0057EEDB /* planeflash2.png */; };
		C486159827AB8ADA0057EEDB /* clickMeButton.png in Resources */ = {isa = PBXBuildFile; fileRef = C486155E27AB8ADA0057EEDB /* clickMeButton.png */; };
		C486159927AB8ADA0057EEDB /* planeflash1.png in Resources */ = {isa = PBXBuildFile; fileRef = C486155F27AB8ADA0057EEDB /* planeflash1.png */; };
		C486159A27AB8ADA0057EEDB /* ocean.gif in Resources */ = {isa = PBXBuildFile; fileRef = C486156027AB8ADA0057EEDB /* ocean.gif */; };
		C486159B27AB8ADA0057EEDB /* coin08.png in Resources */ = {isa = PBXBuildFile; fileRef = C486156127AB8ADA0057EEDB /* coin08.png */; };
		C486159C27AB8ADA0057EEDB /* coin09.png in Resources */ = {isa = PBXBuildFile; fileRef = C486156227AB8ADA0057EEDB /* coin09.png */; };
		C486159D27AB8ADA0057EEDB /* restartButton.png in Resources */ = {isa = PBXBuildFile; fileRef = C486156327AB8ADA0057EEDB /* restartButton.png */; };
		C486159E27AB8ADA0057EEDB /* coin10.png in Resources */ = {isa = PBXBuildFile; fileRef = C486156427AB8ADA0057EEDB /* coin10.png */; };
		C486159F27AB8ADA0057EEDB /* coin04.png in Resources */ = {isa = PBXBuildFile; fileRef = C486156527AB8ADA0057EEDB /* coin04.png */; };
		C48615A027AB8ADA0057EEDB /* smallexplosion4.png in Resources */ = {isa = PBXBuildFile; fileRef = C486156627AB8ADA0057EEDB /* smallexplosion4.png */; };
		C48615A127AB8ADA0057EEDB /* smallexplosion5.png in Resources */ = {isa = PBXBuildFile; fileRef = C486156727AB8ADA0057EEDB /* smallexplosion5.png */; };
		C48615A227AB8ADA0057EEDB /* coin05.png in Resources */ = {isa = PBXBuildFile; fileRef = C486156827AB8ADA0057EEDB /* coin05.png */; };
		C48615A327AB8ADA0057EEDB /* coin07.png in Resources */ = {isa = PBXBuildFile; fileRef = C486156927AB8ADA0057EEDB /* coin07.png */; };
		C48615A427AB8ADA0057EEDB /* smallexplosion6.png in Resources */ = {isa = PBXBuildFile; fileRef = C486156A27AB8ADA0057EEDB /* smallexplosion6.png */; };
		C48615A527AB8ADA0057EEDB /* coin06.png in Resources */ = {isa = PBXBuildFile; fileRef = C486156B27AB8ADA0057EEDB /* coin06.png */; };
		C48615A627AB8ADA0057EEDB /* cloud.png in Resources */ = {isa = PBXBuildFile; fileRef = C486156C27AB8ADA0057EEDB /* cloud.png */; };
		C48615A727AB8ADA0057EEDB /* coin02.png in Resources */ = {isa = PBXBuildFile; fileRef = C486156D27AB8ADA0057EEDB /* coin02.png */; };
		C48615A827AB8ADA0057EEDB /* smallexplosion2.png in Resources */ = {isa = PBXBuildFile; fileRef = C486156E27AB8ADA0057EEDB /* smallexplosion2.png */; };
		C48615A927AB8ADA0057EEDB /* smallexplosion3.png in Resources */ = {isa = PBXBuildFile; fileRef = C486156F27AB8ADA0057EEDB /* smallexplosion3.png */; };
		C48615AA27AB8ADA0057EEDB /* coin03.png in Resources */ = {isa = PBXBuildFile; fileRef = C486157027AB8ADA0057EEDB /* coin03.png */; };
		C48615AB27AB8ADA0057EEDB /* coin01.png in Resources */ = {isa = PBXBuildFile; fileRef = C486157127AB8ADA0057EEDB /* coin01.png */; };
		C48615AC27AB8ADA0057EEDB /* smallexplosion1.png in Resources */ = {isa = PBXBuildFile; fileRef = C486157227AB8ADA0057EEDB /* smallexplosion1.png */; };
		C48615AD27AB8ADA0057EEDB /* nextButton.png in Resources */ = {isa = PBXBuildFile; fileRef = C486157327AB8ADA0057EEDB /* nextButton.png */; };
		C48615AE27AB8ADA0057EEDB /* explosion1.png in Resources */ = {isa = PBXBuildFile; fileRef = C486157427AB8ADA0057EEDB /* explosion1.png */; };
		C48615AF27AB8ADA0057EEDB /* enemy1.png in Resources */ = {isa = PBXBuildFile; fileRef = C486157527AB8ADA0057EEDB /* enemy1.png */; };
		C48615B027AB8ADA0057EEDB /* explosion2.png in Resources */ = {isa = PBXBuildFile; fileRef = C486157627AB8ADA0057EEDB /* explosion2.png */; };
		C48615B127AB8ADA0057EEDB /* enemy3.png in Resources */ = {isa = PBXBuildFile; fileRef = C486157727AB8ADA0057EEDB /* enemy3.png */; };
		C48615B227AB8ADA0057EEDB /* enemy2.png in Resources */ = {isa = PBXBuildFile; fileRef = C486157827AB8ADA0057EEDB /* enemy2.png */; };
		C48615B327AB8ADA0057EEDB /* ocean.png in Resources */ = {isa = PBXBuildFile; fileRef = C486157927AB8ADA0057EEDB /* ocean.png */; };
		C48615B427AB8ADA0057EEDB /* explosion3.png in Resources */ = {isa = PBXBuildFile; fileRef = C486157A27AB8ADA0057EEDB /* explosion3.png */; };
		C48615B527AB8ADA0057EEDB /* explosion7.png in Resources */ = {isa = PBXBuildFile; fileRef = C486157B27AB8ADA0057EEDB /* explosion7.png */; };
		C48615B627AB8ADA0057EEDB /* startButton.png in Resources */ = {isa = PBXBuildFile; fileRef = C486157C27AB8ADA0057EEDB /* startButton.png */; };
		C48615B727AB8ADA0057EEDB /* explosion6.png in Resources */ = {isa = PBXBuildFile; fileRef = C486157D27AB8ADA0057EEDB /* explosion6.png */; };
		C48615B827AB8ADA0057EEDB /* explosion4.png in Resources */ = {isa = PBXBuildFile; fileRef = C486157E27AB8ADA0057EEDB /* explosion4.png */; };
		C48615B927AB8ADA0057EEDB /* explosion5.png in Resources */ = {isa = PBXBuildFile; fileRef = C486157F27AB8ADA0057EEDB /* explosion5.png */; };
		C48615BA27AB8ADA0057EEDB /* life.wav in Resources */ = {isa = PBXBuildFile; fileRef = C486158127AB8ADA0057EEDB /* life.wav */; };
		C48615BB27AB8ADA0057EEDB /* explosion.mp3 in Resources */ = {isa = PBXBuildFile; fileRef = C486158227AB8ADA0057EEDB /* explosion.mp3 */; };
		C48615BC27AB8ADA0057EEDB /* coin.wav in Resources */ = {isa = PBXBuildFile; fileRef = C486158327AB8ADA0057EEDB /* coin.wav */; };
		C48615BD27AB8ADA0057EEDB /* engine.mp3 in Resources */ = {isa = PBXBuildFile; fileRef = C486158427AB8ADA0057EEDB /* engine.mp3 */; };
		C48615BE27AB8ADA0057EEDB /* bullet.mp3 in Resources */ = {isa = PBXBuildFile; fileRef = C486158527AB8ADA0057EEDB /* bullet.mp3 */; };
		C48615BF27AB8ADA0057EEDB /* thunder.mp3 in Resources */ = {isa = PBXBuildFile; fileRef = C486158627AB8ADA0057EEDB /* thunder.mp3 */; };
		C48615C027AB8ADA0057EEDB /* yay.mp3 in Resources */ = {isa = PBXBuildFile; fileRef = C486158727AB8ADA0057EEDB /* yay.mp3 */; };
		C48615C127AB8ADA0057EEDB /* textureAtlas.png in Resources */ = {isa = PBXBuildFile; fileRef = C486158927AB8ADA0057EEDB /* textureAtlas.png */; };
		C48615C227AB8ADA0057EEDB /* textureAtlas.json in Resources */ = {isa = PBXBuildFile; fileRef = C486158A27AB8ADA0057EEDB /* textureAtlas.json */; };
		C48615C327AB8ADA0057EEDB /* MailPilotDemoProject.tps in Resources */ = {isa = PBXBuildFile; fileRef = C486158B27AB8ADA0057EEDB /* MailPilotDemoProject.tps */; };
		C48615C427AB8ADA0057EEDB /* dock51.woff in Resources */ = {isa = PBXBuildFile; fileRef = C486158D27AB8ADA0057EEDB /* dock51.woff */; };
		C48615C527AB8ADA0057EEDB /* dock51.woff2 in Resources */ = {isa = PBXBuildFile; fileRef = C486158E27AB8ADA0057EEDB /* dock51.woff2 */; };
		C48615C627AB8ADA0057EEDB /* Dock51.ttf in Resources */ = {isa = PBXBuildFile; fileRef = C486158F27AB8ADA0057EEDB /* Dock51.ttf */; };
		C48615C827AB8D730057EEDB /* ScoreManeger.swift in Sources */ = {isa = PBXBuildFile; fileRef = C48615C727AB8D730057EEDB /* ScoreManeger.swift */; };
		C4AA263027A71F2E00427C2F /* Island.swift in Sources */ = {isa = PBXBuildFile; fileRef = C4AA262F27A71F2E00427C2F /* Island.swift */; };
		C4AA263227A720C600427C2F /* Cloud.swift in Sources */ = {isa = PBXBuildFile; fileRef = C4AA263127A720C600427C2F /* Cloud.swift */; };
		C4E4FE86279C94CE00971FAB /* AppDelegate.swift in Sources */ = {isa = PBXBuildFile; fileRef = C4E4FE85279C94CE00971FAB /* AppDelegate.swift */; };
		C4E4FE88279C94CE00971FAB /* GameScene.sks in Resources */ = {isa = PBXBuildFile; fileRef = C4E4FE87279C94CE00971FAB /* GameScene.sks */; };
		C4E4FE8A279C94CE00971FAB /* Actions.sks in Resources */ = {isa = PBXBuildFile; fileRef = C4E4FE89279C94CE00971FAB /* Actions.sks */; };
		C4E4FE8C279C94CE00971FAB /* GameScene.swift in Sources */ = {isa = PBXBuildFile; fileRef = C4E4FE8B279C94CE00971FAB /* GameScene.swift */; };
		C4E4FE8E279C94CE00971FAB /* GameViewController.swift in Sources */ = {isa = PBXBuildFile; fileRef = C4E4FE8D279C94CE00971FAB /* GameViewController.swift */; };
		C4E4FE91279C94CE00971FAB /* Main.storyboard in Resources */ = {isa = PBXBuildFile; fileRef = C4E4FE8F279C94CE00971FAB /* Main.storyboard */; };
		C4E4FE93279C94D200971FAB /* Assets.xcassets in Resources */ = {isa = PBXBuildFile; fileRef = C4E4FE92279C94D200971FAB /* Assets.xcassets */; };
		C4E4FE96279C94D200971FAB /* LaunchScreen.storyboard in Resources */ = {isa = PBXBuildFile; fileRef = C4E4FE94279C94D200971FAB /* LaunchScreen.storyboard */; };
		C4E4FE9F279C96DA00971FAB /* GameProtocol.swift in Sources */ = {isa = PBXBuildFile; fileRef = C4E4FE9E279C96DA00971FAB /* GameProtocol.swift */; };
		C4E4FEA1279C97E700971FAB /* GameObject.swift in Sources */ = {isa = PBXBuildFile; fileRef = C4E4FEA0279C97E700971FAB /* GameObject.swift */; };
		C4E4FEA3279C9A7500971FAB /* Ocean.swift in Sources */ = {isa = PBXBuildFile; fileRef = C4E4FEA2279C9A7500971FAB /* Ocean.swift */; };
		C4E4FEA5279C9B4A00971FAB /* Plane.swift in Sources */ = {isa = PBXBuildFile; fileRef = C4E4FEA4279C9B4A00971FAB /* Plane.swift */; };
/* End PBXBuildFile section */

/* Begin PBXFileReference section */
		C41C0B3E27B4B7E40087B81F /* GameManeger.swift */ = {isa = PBXFileReference; lastKnownFileType = sourcecode.swift; path = GameManeger.swift; sourceTree = "<group>"; };
		C41C0B4127B4B8EB0087B81F /* StartScene.sks */ = {isa = PBXFileReference; lastKnownFileType = file.sks; path = StartScene.sks; sourceTree = "<group>"; };
		C41C0B4327B4B8FB0087B81F /* EndScene.sks */ = {isa = PBXFileReference; lastKnownFileType = file.sks; path = EndScene.sks; sourceTree = "<group>"; };
		C41C0B4527B4B90C0087B81F /* StartScene.swift */ = {isa = PBXFileReference; lastKnownFileType = sourcecode.swift; path = StartScene.swift; sourceTree = "<group>"; };
		C41C0B4727B4B9210087B81F /* EndScene.swift */ = {isa = PBXFileReference; lastKnownFileType = sourcecode.swift; path = EndScene.swift; sourceTree = "<group>"; };
		C486154827AB79AE0057EEDB /* CollisionManager.swift */ = {isa = PBXFileReference; lastKnownFileType = sourcecode.swift; path = CollisionManager.swift; sourceTree = "<group>"; };
		C486155627AB8ADA0057EEDB /* bullet.png */ = {isa = PBXFileReference; lastKnownFileType = image.png; path = bullet.png; sourceTree = "<group>"; };
		C486155727AB8ADA0057EEDB /* plane3.png */ = {isa = PBXFileReference; lastKnownFileType = image.png; path = plane3.png; sourceTree = "<group>"; };
		C486155827AB8ADA0057EEDB /* plane2.png */ = {isa = PBXFileReference; lastKnownFileType = image.png; path = plane2.png; sourceTree = "<group>"; };
		C486155927AB8ADA0057EEDB /* plane1.png */ = {isa = PBXFileReference; lastKnownFileType = image.png; path = plane1.png; sourceTree = "<group>"; };
		C486155A27AB8ADA0057EEDB /* backButton.png */ = {isa = PBXFileReference; lastKnownFileType = image.png; path = backButton.png; sourceTree = "<group>"; };
		C486155B27AB8ADA0057EEDB /* plane.png */ = {isa = PBXFileReference; lastKnownFileType = image.png; path = plane.png; sourceTree = "<group>"; };
		C486155C27AB8ADA0057EEDB /* island.png */ = {isa = PBXFileReference; lastKnownFileType = image.png; path = island.png; sourceTree = "<group>"; };
		C486155D27AB8ADA0057EEDB /* planeflash2.png */ = {isa = PBXFileReference; lastKnownFileType = image.png; path = planeflash2.png; sourceTree = "<group>"; };
		C486155E27AB8ADA0057EEDB /* clickMeButton.png */ = {isa = PBXFileReference; lastKnownFileType = image.png; path = clickMeButton.png; sourceTree = "<group>"; };
		C486155F27AB8ADA0057EEDB /* planeflash1.png */ = {isa = PBXFileReference; lastKnownFileType = image.png; path = planeflash1.png; sourceTree = "<group>"; };
		C486156027AB8ADA0057EEDB /* ocean.gif */ = {isa = PBXFileReference; lastKnownFileType = image.gif; path = ocean.gif; sourceTree = "<group>"; };
		C486156127AB8ADA0057EEDB /* coin08.png */ = {isa = PBXFileReference; lastKnownFileType = image.png; path = coin08.png; sourceTree = "<group>"; };
		C486156227AB8ADA0057EEDB /* coin09.png */ = {isa = PBXFileReference; lastKnownFileType = image.png; path = coin09.png; sourceTree = "<group>"; };
		C486156327AB8ADA0057EEDB /* restartButton.png */ = {isa = PBXFileReference; lastKnownFileType = image.png; path = restartButton.png; sourceTree = "<group>"; };
		C486156427AB8ADA0057EEDB /* coin10.png */ = {isa = PBXFileReference; lastKnownFileType = image.png; path = coin10.png; sourceTree = "<group>"; };
		C486156527AB8ADA0057EEDB /* coin04.png */ = {isa = PBXFileReference; lastKnownFileType = image.png; path = coin04.png; sourceTree = "<group>"; };
		C486156627AB8ADA0057EEDB /* smallexplosion4.png */ = {isa = PBXFileReference; lastKnownFileType = image.png; path = smallexplosion4.png; sourceTree = "<group>"; };
		C486156727AB8ADA0057EEDB /* smallexplosion5.png */ = {isa = PBXFileReference; lastKnownFileType = image.png; path = smallexplosion5.png; sourceTree = "<group>"; };
		C486156827AB8ADA0057EEDB /* coin05.png */ = {isa = PBXFileReference; lastKnownFileType = image.png; path = coin05.png; sourceTree = "<group>"; };
		C486156927AB8ADA0057EEDB /* coin07.png */ = {isa = PBXFileReference; lastKnownFileType = image.png; path = coin07.png; sourceTree = "<group>"; };
		C486156A27AB8ADA0057EEDB /* smallexplosion6.png */ = {isa = PBXFileReference; lastKnownFileType = image.png; path = smallexplosion6.png; sourceTree = "<group>"; };
		C486156B27AB8ADA0057EEDB /* coin06.png */ = {isa = PBXFileReference; lastKnownFileType = image.png; path = coin06.png; sourceTree = "<group>"; };
		C486156C27AB8ADA0057EEDB /* cloud.png */ = {isa = PBXFileReference; lastKnownFileType = image.png; path = cloud.png; sourceTree = "<group>"; };
		C486156D27AB8ADA0057EEDB /* coin02.png */ = {isa = PBXFileReference; lastKnownFileType = image.png; path = coin02.png; sourceTree = "<group>"; };
		C486156E27AB8ADA0057EEDB /* smallexplosion2.png */ = {isa = PBXFileReference; lastKnownFileType = image.png; path = smallexplosion2.png; sourceTree = "<group>"; };
		C486156F27AB8ADA0057EEDB /* smallexplosion3.png */ = {isa = PBXFileReference; lastKnownFileType = image.png; path = smallexplosion3.png; sourceTree = "<group>"; };
		C486157027AB8ADA0057EEDB /* coin03.png */ = {isa = PBXFileReference; lastKnownFileType = image.png; path = coin03.png; sourceTree = "<group>"; };
		C486157127AB8ADA0057EEDB /* coin01.png */ = {isa = PBXFileReference; lastKnownFileType = image.png; path = coin01.png; sourceTree = "<group>"; };
		C486157227AB8ADA0057EEDB /* smallexplosion1.png */ = {isa = PBXFileReference; lastKnownFileType = image.png; path = smallexplosion1.png; sourceTree = "<group>"; };
		C486157327AB8ADA0057EEDB /* nextButton.png */ = {isa = PBXFileReference; lastKnownFileType = image.png; path = nextButton.png; sourceTree = "<group>"; };
		C486157427AB8ADA0057EEDB /* explosion1.png */ = {isa = PBXFileReference; lastKnownFileType = image.png; path = explosion1.png; sourceTree = "<group>"; };
		C486157527AB8ADA0057EEDB /* enemy1.png */ = {isa = PBXFileReference; lastKnownFileType = image.png; path = enemy1.png; sourceTree = "<group>"; };
		C486157627AB8ADA0057EEDB /* explosion2.png */ = {isa = PBXFileReference; lastKnownFileType = image.png; path = explosion2.png; sourceTree = "<group>"; };
		C486157727AB8ADA0057EEDB /* enemy3.png */ = {isa = PBXFileReference; lastKnownFileType = image.png; path = enemy3.png; sourceTree = "<group>"; };
		C486157827AB8ADA0057EEDB /* enemy2.png */ = {isa = PBXFileReference; lastKnownFileType = image.png; path = enemy2.png; sourceTree = "<group>"; };
		C486157927AB8ADA0057EEDB /* ocean.png */ = {isa = PBXFileReference; lastKnownFileType = image.png; path = ocean.png; sourceTree = "<group>"; };
		C486157A27AB8ADA0057EEDB /* explosion3.png */ = {isa = PBXFileReference; lastKnownFileType = image.png; path = explosion3.png; sourceTree = "<group>"; };
		C486157B27AB8ADA0057EEDB /* explosion7.png */ = {isa = PBXFileReference; lastKnownFileType = image.png; path = explosion7.png; sourceTree = "<group>"; };
		C486157C27AB8ADA0057EEDB /* startButton.png */ = {isa = PBXFileReference; lastKnownFileType = image.png; path = startButton.png; sourceTree = "<group>"; };
		C486157D27AB8ADA0057EEDB /* explosion6.png */ = {isa = PBXFileReference; lastKnownFileType = image.png; path = explosion6.png; sourceTree = "<group>"; };
		C486157E27AB8ADA0057EEDB /* explosion4.png */ = {isa = PBXFileReference; lastKnownFileType = image.png; path = explosion4.png; sourceTree = "<group>"; };
		C486157F27AB8ADA0057EEDB /* explosion5.png */ = {isa = PBXFileReference; lastKnownFileType = image.png; path = explosion5.png; sourceTree = "<group>"; };
		C486158127AB8ADA0057EEDB /* life.wav */ = {isa = PBXFileReference; lastKnownFileType = audio.wav; path = life.wav; sourceTree = "<group>"; };
		C486158227AB8ADA0057EEDB /* explosion.mp3 */ = {isa = PBXFileReference; lastKnownFileType = audio.mp3; path = explosion.mp3; sourceTree = "<group>"; };
		C486158327AB8ADA0057EEDB /* coin.wav */ = {isa = PBXFileReference; lastKnownFileType = audio.wav; path = coin.wav; sourceTree = "<group>"; };
		C486158427AB8ADA0057EEDB /* engine.mp3 */ = {isa = PBXFileReference; lastKnownFileType = audio.mp3; path = engine.mp3; sourceTree = "<group>"; };
		C486158527AB8ADA0057EEDB /* bullet.mp3 */ = {isa = PBXFileReference; lastKnownFileType = audio.mp3; path = bullet.mp3; sourceTree = "<group>"; };
		C486158627AB8ADA0057EEDB /* thunder.mp3 */ = {isa = PBXFileReference; lastKnownFileType = audio.mp3; path = thunder.mp3; sourceTree = "<group>"; };
		C486158727AB8ADA0057EEDB /* yay.mp3 */ = {isa = PBXFileReference; lastKnownFileType = audio.mp3; path = yay.mp3; sourceTree = "<group>"; };
		C486158927AB8ADA0057EEDB /* textureAtlas.png */ = {isa = PBXFileReference; lastKnownFileType = image.png; path = textureAtlas.png; sourceTree = "<group>"; };
		C486158A27AB8ADA0057EEDB /* textureAtlas.json */ = {isa = PBXFileReference; fileEncoding = 4; lastKnownFileType = text.json; path = textureAtlas.json; sourceTree = "<group>"; };
		C486158B27AB8ADA0057EEDB /* MailPilotDemoProject.tps */ = {isa = PBXFileReference; fileEncoding = 4; lastKnownFileType = text.xml; path = MailPilotDemoProject.tps; sourceTree = "<group>"; };
		C486158D27AB8ADA0057EEDB /* dock51.woff */ = {isa = PBXFileReference; lastKnownFileType = file; path = dock51.woff; sourceTree = "<group>"; };
		C486158E27AB8ADA0057EEDB /* dock51.woff2 */ = {isa = PBXFileReference; lastKnownFileType = file; path = dock51.woff2; sourceTree = "<group>"; };
		C486158F27AB8ADA0057EEDB /* Dock51.ttf */ = {isa = PBXFileReference; lastKnownFileType = file; path = Dock51.ttf; sourceTree = "<group>"; };
		C48615C727AB8D730057EEDB /* ScoreManeger.swift */ = {isa = PBXFileReference; lastKnownFileType = sourcecode.swift; path = ScoreManeger.swift; sourceTree = "<group>"; };
		C4AA262F27A71F2E00427C2F /* Island.swift */ = {isa = PBXFileReference; lastKnownFileType = sourcecode.swift; path = Island.swift; sourceTree = "<group>"; };
		C4AA263127A720C600427C2F /* Cloud.swift */ = {isa = PBXFileReference; lastKnownFileType = sourcecode.swift; path = Cloud.swift; sourceTree = "<group>"; };
		C4E4FE82279C94CE00971FAB /* MAPD724-ICE4.app */ = {isa = PBXFileReference; explicitFileType = wrapper.application; includeInIndex = 0; path = "MAPD724-ICE4.app"; sourceTree = BUILT_PRODUCTS_DIR; };
		C4E4FE85279C94CE00971FAB /* AppDelegate.swift */ = {isa = PBXFileReference; lastKnownFileType = sourcecode.swift; path = AppDelegate.swift; sourceTree = "<group>"; };
		C4E4FE87279C94CE00971FAB /* GameScene.sks */ = {isa = PBXFileReference; lastKnownFileType = file.sks; path = GameScene.sks; sourceTree = "<group>"; };
		C4E4FE89279C94CE00971FAB /* Actions.sks */ = {isa = PBXFileReference; lastKnownFileType = file.sks; path = Actions.sks; sourceTree = "<group>"; };
		C4E4FE8B279C94CE00971FAB /* GameScene.swift */ = {isa = PBXFileReference; lastKnownFileType = sourcecode.swift; path = GameScene.swift; sourceTree = "<group>"; };
		C4E4FE8D279C94CE00971FAB /* GameViewController.swift */ = {isa = PBXFileReference; lastKnownFileType = sourcecode.swift; path = GameViewController.swift; sourceTree = "<group>"; };
		C4E4FE90279C94CE00971FAB /* Base */ = {isa = PBXFileReference; lastKnownFileType = file.storyboard; name = Base; path = Base.lproj/Main.storyboard; sourceTree = "<group>"; };
		C4E4FE92279C94D200971FAB /* Assets.xcassets */ = {isa = PBXFileReference; lastKnownFileType = folder.assetcatalog; path = Assets.xcassets; sourceTree = "<group>"; };
		C4E4FE95279C94D200971FAB /* Base */ = {isa = PBXFileReference; lastKnownFileType = file.storyboard; name = Base; path = Base.lproj/LaunchScreen.storyboard; sourceTree = "<group>"; };
		C4E4FE9E279C96DA00971FAB /* GameProtocol.swift */ = {isa = PBXFileReference; lastKnownFileType = sourcecode.swift; path = GameProtocol.swift; sourceTree = "<group>"; };
		C4E4FEA0279C97E700971FAB /* GameObject.swift */ = {isa = PBXFileReference; lastKnownFileType = sourcecode.swift; path = GameObject.swift; sourceTree = "<group>"; };
		C4E4FEA2279C9A7500971FAB /* Ocean.swift */ = {isa = PBXFileReference; lastKnownFileType = sourcecode.swift; path = Ocean.swift; sourceTree = "<group>"; };
		C4E4FEA4279C9B4A00971FAB /* Plane.swift */ = {isa = PBXFileReference; lastKnownFileType = sourcecode.swift; path = Plane.swift; sourceTree = "<group>"; };
/* End PBXFileReference section */

/* Begin PBXFrameworksBuildPhase section */
		C4E4FE7F279C94CE00971FAB /* Frameworks */ = {
			isa = PBXFrameworksBuildPhase;
			buildActionMask = 2147483647;
			files = (
			);
			runOnlyForDeploymentPostprocessing = 0;
		};
/* End PBXFrameworksBuildPhase section */

/* Begin PBXGroup section */
		C41C0B4027B4B8920087B81F /* Scenes */ = {
			isa = PBXGroup;
			children = (
				C4E4FE87279C94CE00971FAB /* GameScene.sks */,
				C4E4FE89279C94CE00971FAB /* Actions.sks */,
				C4E4FE8B279C94CE00971FAB /* GameScene.swift */,
				C41C0B4127B4B8EB0087B81F /* StartScene.sks */,
				C41C0B4327B4B8FB0087B81F /* EndScene.sks */,
				C41C0B4527B4B90C0087B81F /* StartScene.swift */,
				C41C0B4727B4B9210087B81F /* EndScene.swift */,
			);
			path = Scenes;
			sourceTree = "<group>";
		};
		C486154727AB791F0057EEDB /* Managers */ = {
			isa = PBXGroup;
			children = (
				C486154827AB79AE0057EEDB /* CollisionManager.swift */,
				C48615C727AB8D730057EEDB /* ScoreManeger.swift */,
			);
			path = Managers;
			sourceTree = "<group>";
		};
		C486155427AB8ADA0057EEDB /* Assets */ = {
			isa = PBXGroup;
			children = (
				C486155527AB8ADA0057EEDB /* images */,
				C486158027AB8ADA0057EEDB /* audio */,
				C486158827AB8ADA0057EEDB /* sprites */,
				C486158C27AB8ADA0057EEDB /* fonts */,
			);
			path = Assets;
			sourceTree = "<group>";
		};
		C486155527AB8ADA0057EEDB /* images */ = {
			isa = PBXGroup;
			children = (
				C486155627AB8ADA0057EEDB /* bullet.png */,
				C486155727AB8ADA0057EEDB /* plane3.png */,
				C486155827AB8ADA0057EEDB /* plane2.png */,
				C486155927AB8ADA0057EEDB /* plane1.png */,
				C486155A27AB8ADA0057EEDB /* backButton.png */,
				C486155B27AB8ADA0057EEDB /* plane.png */,
				C486155C27AB8ADA0057EEDB /* island.png */,
				C486155D27AB8ADA0057EEDB /* planeflash2.png */,
				C486155E27AB8ADA0057EEDB /* clickMeButton.png */,
				C486155F27AB8ADA0057EEDB /* planeflash1.png */,
				C486156027AB8ADA0057EEDB /* ocean.gif */,
				C486156127AB8ADA0057EEDB /* coin08.png */,
				C486156227AB8ADA0057EEDB /* coin09.png */,
				C486156327AB8ADA0057EEDB /* restartButton.png */,
				C486156427AB8ADA0057EEDB /* coin10.png */,
				C486156527AB8ADA0057EEDB /* coin04.png */,
				C486156627AB8ADA0057EEDB /* smallexplosion4.png */,
				C486156727AB8ADA0057EEDB /* smallexplosion5.png */,
				C486156827AB8ADA0057EEDB /* coin05.png */,
				C486156927AB8ADA0057EEDB /* coin07.png */,
				C486156A27AB8ADA0057EEDB /* smallexplosion6.png */,
				C486156B27AB8ADA0057EEDB /* coin06.png */,
				C486156C27AB8ADA0057EEDB /* cloud.png */,
				C486156D27AB8ADA0057EEDB /* coin02.png */,
				C486156E27AB8ADA0057EEDB /* smallexplosion2.png */,
				C486156F27AB8ADA0057EEDB /* smallexplosion3.png */,
				C486157027AB8ADA0057EEDB /* coin03.png */,
				C486157127AB8ADA0057EEDB /* coin01.png */,
				C486157227AB8ADA0057EEDB /* smallexplosion1.png */,
				C486157327AB8ADA0057EEDB /* nextButton.png */,
				C486157427AB8ADA0057EEDB /* explosion1.png */,
				C486157527AB8ADA0057EEDB /* enemy1.png */,
				C486157627AB8ADA0057EEDB /* explosion2.png */,
				C486157727AB8ADA0057EEDB /* enemy3.png */,
				C486157827AB8ADA0057EEDB /* enemy2.png */,
				C486157927AB8ADA0057EEDB /* ocean.png */,
				C486157A27AB8ADA0057EEDB /* explosion3.png */,
				C486157B27AB8ADA0057EEDB /* explosion7.png */,
				C486157C27AB8ADA0057EEDB /* startButton.png */,
				C486157D27AB8ADA0057EEDB /* explosion6.png */,
				C486157E27AB8ADA0057EEDB /* explosion4.png */,
				C486157F27AB8ADA0057EEDB /* explosion5.png */,
			);
			path = images;
			sourceTree = "<group>";
		};
		C486158027AB8ADA0057EEDB /* audio */ = {
			isa = PBXGroup;
			children = (
				C486158127AB8ADA0057EEDB /* life.wav */,
				C486158227AB8ADA0057EEDB /* explosion.mp3 */,
				C486158327AB8ADA0057EEDB /* coin.wav */,
				C486158427AB8ADA0057EEDB /* engine.mp3 */,
				C486158527AB8ADA0057EEDB /* bullet.mp3 */,
				C486158627AB8ADA0057EEDB /* thunder.mp3 */,
				C486158727AB8ADA0057EEDB /* yay.mp3 */,
			);
			path = audio;
			sourceTree = "<group>";
		};
		C486158827AB8ADA0057EEDB /* sprites */ = {
			isa = PBXGroup;
			children = (
				C486158927AB8ADA0057EEDB /* textureAtlas.png */,
				C486158A27AB8ADA0057EEDB /* textureAtlas.json */,
				C486158B27AB8ADA0057EEDB /* MailPilotDemoProject.tps */,
			);
			path = sprites;
			sourceTree = "<group>";
		};
		C486158C27AB8ADA0057EEDB /* fonts */ = {
			isa = PBXGroup;
			children = (
				C486158D27AB8ADA0057EEDB /* dock51.woff */,
				C486158E27AB8ADA0057EEDB /* dock51.woff2 */,
				C486158F27AB8ADA0057EEDB /* Dock51.ttf */,
			);
			path = fonts;
			sourceTree = "<group>";
		};
		C4E4FE79279C94CE00971FAB = {
			isa = PBXGroup;
			children = (
				C41C0B4027B4B8920087B81F /* Scenes */,
				C486154727AB791F0057EEDB /* Managers */,
				C4E4FE9D279C961E00971FAB /* GameObjects */,
				C4E4FE9C279C961000971FAB /* Core */,
				C4E4FE84279C94CE00971FAB /* MAPD724-ICE4 */,
				C4E4FE83279C94CE00971FAB /* Products */,
			);
			sourceTree = "<group>";
		};
		C4E4FE83279C94CE00971FAB /* Products */ = {
			isa = PBXGroup;
			children = (
				C4E4FE82279C94CE00971FAB /* MAPD724-ICE4.app */,
			);
			name = Products;
			sourceTree = "<group>";
		};
		C4E4FE84279C94CE00971FAB /* MAPD724-ICE4 */ = {
			isa = PBXGroup;
			children = (
				C4E4FE85279C94CE00971FAB /* AppDelegate.swift */,
				C4E4FE8D279C94CE00971FAB /* GameViewController.swift */,
				C4E4FE8F279C94CE00971FAB /* Main.storyboard */,
				C4E4FE92279C94D200971FAB /* Assets.xcassets */,
				C4E4FE94279C94D200971FAB /* LaunchScreen.storyboard */,
				C486155427AB8ADA0057EEDB /* Assets */,
			);
			path = "MAPD724-ICE4";
			sourceTree = "<group>";
		};
		C4E4FE9C279C961000971FAB /* Core */ = {
			isa = PBXGroup;
			children = (
				C4E4FE9E279C96DA00971FAB /* GameProtocol.swift */,
				C4E4FEA0279C97E700971FAB /* GameObject.swift */,
				C41C0B3E27B4B7E40087B81F /* GameManeger.swift */,
			);
			path = Core;
			sourceTree = "<group>";
		};
		C4E4FE9D279C961E00971FAB /* GameObjects */ = {
			isa = PBXGroup;
			children = (
				C4E4FEA2279C9A7500971FAB /* Ocean.swift */,
				C4E4FEA4279C9B4A00971FAB /* Plane.swift */,
				C4AA262F27A71F2E00427C2F /* Island.swift */,
				C4AA263127A720C600427C2F /* Cloud.swift */,
			);
			path = GameObjects;
			sourceTree = "<group>";
		};
/* End PBXGroup section */

/* Begin PBXNativeTarget section */
		C4E4FE81279C94CE00971FAB /* MAPD724-ICE4 */ = {
			isa = PBXNativeTarget;
			buildConfigurationList = C4E4FE99279C94D200971FAB /* Build configuration list for PBXNativeTarget "MAPD724-ICE4" */;
			buildPhases = (
				C4E4FE7E279C94CE00971FAB /* Sources */,
				C4E4FE7F279C94CE00971FAB /* Frameworks */,
				C4E4FE80279C94CE00971FAB /* Resources */,
			);
			buildRules = (
			);
			dependencies = (
			);
			name = "MAPD724-ICE4";
			productName = "MAPD724-ICE1";
			productReference = C4E4FE82279C94CE00971FAB /* MAPD724-ICE4.app */;
			productType = "com.apple.product-type.application";
		};
/* End PBXNativeTarget section */

/* Begin PBXProject section */
		C4E4FE7A279C94CE00971FAB /* Project object */ = {
			isa = PBXProject;
			attributes = {
				BuildIndependentTargetsInParallel = 1;
				LastSwiftUpdateCheck = 1320;
				LastUpgradeCheck = 1320;
				TargetAttributes = {
					C4E4FE81279C94CE00971FAB = {
						CreatedOnToolsVersion = 13.2.1;
					};
				};
			};
			buildConfigurationList = C4E4FE7D279C94CE00971FAB /* Build configuration list for PBXProject "MAPD724-ICE4" */;
			compatibilityVersion = "Xcode 13.0";
			developmentRegion = en;
			hasScannedForEncodings = 0;
			knownRegions = (
				en,
				Base,
			);
			mainGroup = C4E4FE79279C94CE00971FAB;
			productRefGroup = C4E4FE83279C94CE00971FAB /* Products */;
			projectDirPath = "";
			projectRoot = "";
			targets = (
				C4E4FE81279C94CE00971FAB /* MAPD724-ICE4 */,
			);
		};
/* End PBXProject section */

/* Begin PBXResourcesBuildPhase section */
		C4E4FE80279C94CE00971FAB /* Resources */ = {
			isa = PBXResourcesBuildPhase;
			buildActionMask = 2147483647;
			files = (
				C48615A327AB8ADA0057EEDB /* coin07.png in Resources */,
				C48615AF27AB8ADA0057EEDB /* enemy1.png in Resources */,
				C48615B327AB8ADA0057EEDB /* ocean.png in Resources */,
				C486159F27AB8ADA0057EEDB /* coin04.png in Resources */,
				C486159D27AB8ADA0057EEDB /* restartButton.png in Resources */,
				C48615B027AB8ADA0057EEDB /* explosion2.png in Resources */,
				C486159627AB8ADA0057EEDB /* island.png in Resources */,
				C48615A927AB8ADA0057EEDB /* smallexplosion3.png in Resources */,
				C41C0B4427B4B8FB0087B81F /* EndScene.sks in Resources */,
				C4E4FE91279C94CE00971FAB /* Main.storyboard in Resources */,
				C48615B727AB8ADA0057EEDB /* explosion6.png in Resources */,
				C48615A127AB8ADA0057EEDB /* smallexplosion5.png in Resources */,
				C486159327AB8ADA0057EEDB /* plane1.png in Resources */,
				C486159A27AB8ADA0057EEDB /* ocean.gif in Resources */,
				C48615B627AB8ADA0057EEDB /* startButton.png in Resources */,
				C48615AC27AB8ADA0057EEDB /* smallexplosion1.png in Resources */,
				C48615B527AB8ADA0057EEDB /* explosion7.png in Resources */,
				C48615AA27AB8ADA0057EEDB /* coin03.png in Resources */,
				C486159727AB8ADA0057EEDB /* planeflash2.png in Resources */,
				C48615BB27AB8ADA0057EEDB /* explosion.mp3 in Resources */,
				C486159427AB8ADA0057EEDB /* backButton.png in Resources */,
				C48615A827AB8ADA0057EEDB /* smallexplosion2.png in Resources */,
				C48615B927AB8ADA0057EEDB /* explosion5.png in Resources */,
				C48615C327AB8ADA0057EEDB /* MailPilotDemoProject.tps in Resources */,
				C48615B827AB8ADA0057EEDB /* explosion4.png in Resources */,
				C48615C227AB8ADA0057EEDB /* textureAtlas.json in Resources */,
				C486159B27AB8ADA0057EEDB /* coin08.png in Resources */,
				C486159C27AB8ADA0057EEDB /* coin09.png in Resources */,
				C48615AD27AB8ADA0057EEDB /* nextButton.png in Resources */,
				C48615A727AB8ADA0057EEDB /* coin02.png in Resources */,
				C48615A427AB8ADA0057EEDB /* smallexplosion6.png in Resources */,
				C48615C127AB8ADA0057EEDB /* textureAtlas.png in Resources */,
				C48615B227AB8ADA0057EEDB /* enemy2.png in Resources */,
				C48615A227AB8ADA0057EEDB /* coin05.png in Resources */,
				C48615C627AB8ADA0057EEDB /* Dock51.ttf in Resources */,
				C486159027AB8ADA0057EEDB /* bullet.png in Resources */,
				C486159827AB8ADA0057EEDB /* clickMeButton.png in Resources */,
				C48615BE27AB8ADA0057EEDB /* bullet.mp3 in Resources */,
				C48615A027AB8ADA0057EEDB /* smallexplosion4.png in Resources */,
				C4E4FE88279C94CE00971FAB /* GameScene.sks in Resources */,
				C4E4FE93279C94D200971FAB /* Assets.xcassets in Resources */,
				C48615C027AB8ADA0057EEDB /* yay.mp3 in Resources */,
				C41C0B4227B4B8EB0087B81F /* StartScene.sks in Resources */,
				C48615A527AB8ADA0057EEDB /* coin06.png in Resources */,
				C4E4FE96279C94D200971FAB /* LaunchScreen.storyboard in Resources */,
				C48615BD27AB8ADA0057EEDB /* engine.mp3 in Resources */,
				C48615BA27AB8ADA0057EEDB /* life.wav in Resources */,
				C486159927AB8ADA0057EEDB /* planeflash1.png in Resources */,
				C486159E27AB8ADA0057EEDB /* coin10.png in Resources */,
				C48615AB27AB8ADA0057EEDB /* coin01.png in Resources */,
				C48615A627AB8ADA0057EEDB /* cloud.png in Resources */,
				C486159127AB8ADA0057EEDB /* plane3.png in Resources */,
				C486159527AB8ADA0057EEDB /* plane.png in Resources */,
				C48615B127AB8ADA0057EEDB /* enemy3.png in Resources */,
				C48615BF27AB8ADA0057EEDB /* thunder.mp3 in Resources */,
				C48615C527AB8ADA0057EEDB /* dock51.woff2 in Resources */,
				C48615BC27AB8ADA0057EEDB /* coin.wav in Resources */,
				C4E4FE8A279C94CE00971FAB /* Actions.sks in Resources */,
				C48615B427AB8ADA0057EEDB /* explosion3.png in Resources */,
				C486159227AB8ADA0057EEDB /* plane2.png in Resources */,
				C48615C427AB8ADA0057EEDB /* dock51.woff in Resources */,
				C48615AE27AB8ADA0057EEDB /* explosion1.png in Resources */,
			);
			runOnlyForDeploymentPostprocessing = 0;
		};
/* End PBXResourcesBuildPhase section */

/* Begin PBXSourcesBuildPhase section */
		C4E4FE7E279C94CE00971FAB /* Sources */ = {
			isa = PBXSourcesBuildPhase;
			buildActionMask = 2147483647;
			files = (
				C4E4FE8C279C94CE00971FAB /* GameScene.swift in Sources */,
				C4AA263227A720C600427C2F /* Cloud.swift in Sources */,
				C48615C827AB8D730057EEDB /* ScoreManeger.swift in Sources */,
				C486154927AB79AE0057EEDB /* CollisionManager.swift in Sources */,
				C4E4FE9F279C96DA00971FAB /* GameProtocol.swift in Sources */,
				C41C0B3F27B4B7E40087B81F /* GameManeger.swift in Sources */,
				C4AA263027A71F2E00427C2F /* Island.swift in Sources */,
				C4E4FE8E279C94CE00971FAB /* GameViewController.swift in Sources */,
				C41C0B4827B4B9210087B81F /* EndScene.swift in Sources */,
				C41C0B4627B4B90C0087B81F /* StartScene.swift in Sources */,
				C4E4FE86279C94CE00971FAB /* AppDelegate.swift in Sources */,
				C4E4FEA3279C9A7500971FAB /* Ocean.swift in Sources */,
				C4E4FEA1279C97E700971FAB /* GameObject.swift in Sources */,
				C4E4FEA5279C9B4A00971FAB /* Plane.swift in Sources */,
			);
			runOnlyForDeploymentPostprocessing = 0;
		};
/* End PBXSourcesBuildPhase section */

/* Begin PBXVariantGroup section */
		C4E4FE8F279C94CE00971FAB /* Main.storyboard */ = {
			isa = PBXVariantGroup;
			children = (
				C4E4FE90279C94CE00971FAB /* Base */,
			);
			name = Main.storyboard;
			sourceTree = "<group>";
		};
		C4E4FE94279C94D200971FAB /* LaunchScreen.storyboard */ = {
			isa = PBXVariantGroup;
			children = (
				C4E4FE95279C94D200971FAB /* Base */,
			);
			name = LaunchScreen.storyboard;
			sourceTree = "<group>";
		};
/* End PBXVariantGroup section */

/* Begin XCBuildConfiguration section */
		C4E4FE97279C94D200971FAB /* Debug */ = {
			isa = XCBuildConfiguration;
			buildSettings = {
				ALWAYS_SEARCH_USER_PATHS = NO;
				CLANG_ANALYZER_NONNULL = YES;
				CLANG_ANALYZER_NUMBER_OBJECT_CONVERSION = YES_AGGRESSIVE;
				CLANG_CXX_LANGUAGE_STANDARD = "gnu++17";
				CLANG_CXX_LIBRARY = "libc++";
				CLANG_ENABLE_MODULES = YES;
				CLANG_ENABLE_OBJC_ARC = YES;
				CLANG_ENABLE_OBJC_WEAK = YES;
				CLANG_WARN_BLOCK_CAPTURE_AUTORELEASING = YES;
				CLANG_WARN_BOOL_CONVERSION = YES;
				CLANG_WARN_COMMA = YES;
				CLANG_WARN_CONSTANT_CONVERSION = YES;
				CLANG_WARN_DEPRECATED_OBJC_IMPLEMENTATIONS = YES;
				CLANG_WARN_DIRECT_OBJC_ISA_USAGE = YES_ERROR;
				CLANG_WARN_DOCUMENTATION_COMMENTS = YES;
				CLANG_WARN_EMPTY_BODY = YES;
				CLANG_WARN_ENUM_CONVERSION = YES;
				CLANG_WARN_INFINITE_RECURSION = YES;
				CLANG_WARN_INT_CONVERSION = YES;
				CLANG_WARN_NON_LITERAL_NULL_CONVERSION = YES;
				CLANG_WARN_OBJC_IMPLICIT_RETAIN_SELF = YES;
				CLANG_WARN_OBJC_LITERAL_CONVERSION = YES;
				CLANG_WARN_OBJC_ROOT_CLASS = YES_ERROR;
				CLANG_WARN_QUOTED_INCLUDE_IN_FRAMEWORK_HEADER = YES;
				CLANG_WARN_RANGE_LOOP_ANALYSIS = YES;
				CLANG_WARN_STRICT_PROTOTYPES = YES;
				CLANG_WARN_SUSPICIOUS_MOVE = YES;
				CLANG_WARN_UNGUARDED_AVAILABILITY = YES_AGGRESSIVE;
				CLANG_WARN_UNREACHABLE_CODE = YES;
				CLANG_WARN__DUPLICATE_METHOD_MATCH = YES;
				COPY_PHASE_STRIP = NO;
				DEBUG_INFORMATION_FORMAT = dwarf;
				ENABLE_STRICT_OBJC_MSGSEND = YES;
				ENABLE_TESTABILITY = YES;
				GCC_C_LANGUAGE_STANDARD = gnu11;
				GCC_DYNAMIC_NO_PIC = NO;
				GCC_NO_COMMON_BLOCKS = YES;
				GCC_OPTIMIZATION_LEVEL = 0;
				GCC_PREPROCESSOR_DEFINITIONS = (
					"DEBUG=1",
					"$(inherited)",
				);
				GCC_WARN_64_TO_32_BIT_CONVERSION = YES;
				GCC_WARN_ABOUT_RETURN_TYPE = YES_ERROR;
				GCC_WARN_UNDECLARED_SELECTOR = YES;
				GCC_WARN_UNINITIALIZED_AUTOS = YES_AGGRESSIVE;
				GCC_WARN_UNUSED_FUNCTION = YES;
				GCC_WARN_UNUSED_VARIABLE = YES;
				IPHONEOS_DEPLOYMENT_TARGET = 15.2;
				MTL_ENABLE_DEBUG_INFO = INCLUDE_SOURCE;
				MTL_FAST_MATH = YES;
				ONLY_ACTIVE_ARCH = YES;
				SDKROOT = iphoneos;
				SWIFT_ACTIVE_COMPILATION_CONDITIONS = DEBUG;
				SWIFT_OPTIMIZATION_LEVEL = "-Onone";
			};
			name = Debug;
		};
		C4E4FE98279C94D200971FAB /* Release */ = {
			isa = XCBuildConfiguration;
			buildSettings = {
				ALWAYS_SEARCH_USER_PATHS = NO;
				CLANG_ANALYZER_NONNULL = YES;
				CLANG_ANALYZER_NUMBER_OBJECT_CONVERSION = YES_AGGRESSIVE;
				CLANG_CXX_LANGUAGE_STANDARD = "gnu++17";
				CLANG_CXX_LIBRARY = "libc++";
				CLANG_ENABLE_MODULES = YES;
				CLANG_ENABLE_OBJC_ARC = YES;
				CLANG_ENABLE_OBJC_WEAK = YES;
				CLANG_WARN_BLOCK_CAPTURE_AUTORELEASING = YES;
				CLANG_WARN_BOOL_CONVERSION = YES;
				CLANG_WARN_COMMA = YES;
				CLANG_WARN_CONSTANT_CONVERSION = YES;
				CLANG_WARN_DEPRECATED_OBJC_IMPLEMENTATIONS = YES;
				CLANG_WARN_DIRECT_OBJC_ISA_USAGE = YES_ERROR;
				CLANG_WARN_DOCUMENTATION_COMMENTS = YES;
				CLANG_WARN_EMPTY_BODY = YES;
				CLANG_WARN_ENUM_CONVERSION = YES;
				CLANG_WARN_INFINITE_RECURSION = YES;
				CLANG_WARN_INT_CONVERSION = YES;
				CLANG_WARN_NON_LITERAL_NULL_CONVERSION = YES;
				CLANG_WARN_OBJC_IMPLICIT_RETAIN_SELF = YES;
				CLANG_WARN_OBJC_LITERAL_CONVERSION = YES;
				CLANG_WARN_OBJC_ROOT_CLASS = YES_ERROR;
				CLANG_WARN_QUOTED_INCLUDE_IN_FRAMEWORK_HEADER = YES;
				CLANG_WARN_RANGE_LOOP_ANALYSIS = YES;
				CLANG_WARN_STRICT_PROTOTYPES = YES;
				CLANG_WARN_SUSPICIOUS_MOVE = YES;
				CLANG_WARN_UNGUARDED_AVAILABILITY = YES_AGGRESSIVE;
				CLANG_WARN_UNREACHABLE_CODE = YES;
				CLANG_WARN__DUPLICATE_METHOD_MATCH = YES;
				COPY_PHASE_STRIP = NO;
				DEBUG_INFORMATION_FORMAT = "dwarf-with-dsym";
				ENABLE_NS_ASSERTIONS = NO;
				ENABLE_STRICT_OBJC_MSGSEND = YES;
				GCC_C_LANGUAGE_STANDARD = gnu11;
				GCC_NO_COMMON_BLOCKS = YES;
				GCC_WARN_64_TO_32_BIT_CONVERSION = YES;
				GCC_WARN_ABOUT_RETURN_TYPE = YES_ERROR;
				GCC_WARN_UNDECLARED_SELECTOR = YES;
				GCC_WARN_UNINITIALIZED_AUTOS = YES_AGGRESSIVE;
				GCC_WARN_UNUSED_FUNCTION = YES;
				GCC_WARN_UNUSED_VARIABLE = YES;
				IPHONEOS_DEPLOYMENT_TARGET = 15.2;
				MTL_ENABLE_DEBUG_INFO = NO;
				MTL_FAST_MATH = YES;
				SDKROOT = iphoneos;
				SWIFT_COMPILATION_MODE = wholemodule;
				SWIFT_OPTIMIZATION_LEVEL = "-O";
				VALIDATE_PRODUCT = YES;
			};
			name = Release;
		};
		C4E4FE9A279C94D200971FAB /* Debug */ = {
			isa = XCBuildConfiguration;
			buildSettings = {
				ASSETCATALOG_COMPILER_APPICON_NAME = AppIcon;
				ASSETCATALOG_COMPILER_GLOBAL_ACCENT_COLOR_NAME = AccentColor;
				CODE_SIGN_STYLE = Automatic;
				CURRENT_PROJECT_VERSION = 1;
				GENERATE_INFOPLIST_FILE = YES;
				INFOPLIST_KEY_UIApplicationSupportsIndirectInputEvents = YES;
				INFOPLIST_KEY_UILaunchStoryboardName = LaunchScreen;
				INFOPLIST_KEY_UIMainStoryboardFile = Main;
				INFOPLIST_KEY_UIStatusBarHidden = YES;
				INFOPLIST_KEY_UISupportedInterfaceOrientations_iPad = "UIInterfaceOrientationPortrait UIInterfaceOrientationPortraitUpsideDown UIInterfaceOrientationLandscapeLeft UIInterfaceOrientationLandscapeRight";
				INFOPLIST_KEY_UISupportedInterfaceOrientations_iPhone = "UIInterfaceOrientationPortrait UIInterfaceOrientationLandscapeLeft UIInterfaceOrientationLandscapeRight";
				LD_RUNPATH_SEARCH_PATHS = (
					"$(inherited)",
					"@executable_path/Frameworks",
				);
				MARKETING_VERSION = 1.0;
				PRODUCT_BUNDLE_IDENTIFIER = "ca.centennialcollege.MAPD724-ICE4";
				PRODUCT_NAME = "MAPD724-ICE4";
				SWIFT_EMIT_LOC_STRINGS = YES;
				SWIFT_VERSION = 5.0;
				TARGETED_DEVICE_FAMILY = 1;
			};
			name = Debug;
		};
		C4E4FE9B279C94D200971FAB /* Release */ = {
			isa = XCBuildConfiguration;
			buildSettings = {
				ASSETCATALOG_COMPILER_APPICON_NAME = AppIcon;
				ASSETCATALOG_COMPILER_GLOBAL_ACCENT_COLOR_NAME = AccentColor;
				CODE_SIGN_STYLE = Automatic;
				CURRENT_PROJECT_VERSION = 1;
				GENERATE_INFOPLIST_FILE = YES;
				INFOPLIST_KEY_UIApplicationSupportsIndirectInputEvents = YES;
				INFOPLIST_KEY_UILaunchStoryboardName = LaunchScreen;
				INFOPLIST_KEY_UIMainStoryboardFile = Main;
				INFOPLIST_KEY_UIStatusBarHidden = YES;
				INFOPLIST_KEY_UISupportedInterfaceOrientations_iPad = "UIInterfaceOrientationPortrait UIInterfaceOrientationPortraitUpsideDown UIInterfaceOrientationLandscapeLeft UIInterfaceOrientationLandscapeRight";
				INFOPLIST_KEY_UISupportedInterfaceOrientations_iPhone = "UIInterfaceOrientationPortrait UIInterfaceOrientationLandscapeLeft UIInterfaceOrientationLandscapeRight";
				LD_RUNPATH_SEARCH_PATHS = (
					"$(inherited)",
					"@executable_path/Frameworks",
				);
				MARKETING_VERSION = 1.0;
				PRODUCT_BUNDLE_IDENTIFIER = "ca.centennialcollege.MAPD724-ICE4";
				PRODUCT_NAME = "MAPD724-ICE4";
				SWIFT_EMIT_LOC_STRINGS = YES;
				SWIFT_VERSION = 5.0;
				TARGETED_DEVICE_FAMILY = 1;
			};
			name = Release;
		};
/* End XCBuildConfiguration section */

/* Begin XCConfigurationList section */
		C4E4FE7D279C94CE00971FAB /* Build configuration list for PBXProject "MAPD724-ICE4" */ = {
			isa = XCConfigurationList;
			buildConfigurations = (
				C4E4FE97279C94D200971FAB /* Debug */,
				C4E4FE98279C94D200971FAB /* Release */,
			);
			defaultConfigurationIsVisible = 0;
			defaultConfigurationName = Release;
		};
		C4E4FE99279C94D200971FAB /* Build configuration list for PBXNativeTarget "MAPD724-ICE4" */ = {
			isa = XCConfigurationList;
			buildConfigurations = (
				C4E4FE9A279C94D200971FAB /* Debug */,
				C4E4FE9B279C94D200971FAB /* Release */,
			);
			defaultConfigurationIsVisible = 0;
			defaultConfigurationName = Release;
		};
/* End XCConfigurationList section */
	};
	rootObject = C4E4FE7A279C94CE00971FAB /* Project object */;
}
